
Microsoft Visual Studio Solution File, Format Version 12.00
# Visual Studio 15
VisualStudioVersion = 15.0.26124.0
MinimumVisualStudioVersion = 15.0.26124.0
Project("{FAE04EC0-301F-11D3-BF4B-00C04F79EFBC}") = "API", "API\API.csproj", "{4C62D519-5C34-4B42-A830-D24B295131C6}"
EndProject
Project("{FAE04EC0-301F-11D3-BF4B-00C04F79EFBC}") = "Core", "Core\Core.csproj", "{D0A9CAFD-75F6-45C8-8CE3-E700653E4314}"
EndProject
Project("{FAE04EC0-301F-11D3-BF4B-00C04F79EFBC}") = "Infrastructure", "Infrastructure\Infrastructure.csproj", "{8E848210-CBB1-4D08-8966-5C2098B91DF7}"
EndProject
Global
	GlobalSection(SolutionConfigurationPlatforms) = preSolution
		Debug|Any CPU = Debug|Any CPU
		Debug|x64 = Debug|x64
		Debug|x86 = Debug|x86
		Release|Any CPU = Release|Any CPU
		Release|x64 = Release|x64
		Release|x86 = Release|x86
	EndGlobalSection
	GlobalSection(SolutionProperties) = preSolution
		HideSolutionNode = FALSE
	EndGlobalSection
	GlobalSection(ProjectConfigurationPlatforms) = postSolution
		{4C62D519-5C34-4B42-A830-D24B295131C6}.Debug|Any CPU.ActiveCfg = Debug|Any CPU
		{4C62D519-5C34-4B42-A830-D24B295131C6}.Debug|Any CPU.Build.0 = Debug|Any CPU
		{4C62D519-5C34-4B42-A830-D24B295131C6}.Debug|x64.ActiveCfg = Debug|Any CPU
		{4C62D519-5C34-4B42-A830-D24B295131C6}.Debug|x64.Build.0 = Debug|Any CPU
		{4C62D519-5C34-4B42-A830-D24B295131C6}.Debug|x86.ActiveCfg = Debug|Any CPU
		{4C62D519-5C34-4B42-A830-D24B295131C6}.Debug|x86.Build.0 = Debug|Any CPU
		{4C62D519-5C34-4B42-A830-D24B295131C6}.Release|Any CPU.ActiveCfg = Release|Any CPU
		{4C62D519-5C34-4B42-A830-D24B295131C6}.Release|Any CPU.Build.0 = Release|Any CPU
		{4C62D519-5C34-4B42-A830-D24B295131C6}.Release|x64.ActiveCfg = Release|Any CPU
		{4C62D519-5C34-4B42-A830-D24B295131C6}.Release|x64.Build.0 = Release|Any CPU
		{4C62D519-5C34-4B42-A830-D24B295131C6}.Release|x86.ActiveCfg = Release|Any CPU
		{4C62D519-5C34-4B42-A830-D24B295131C6}.Release|x86.Build.0 = Release|Any CPU
		{D0A9CAFD-75F6-45C8-8CE3-E700653E4314}.Debug|Any CPU.ActiveCfg = Debug|Any CPU
		{D0A9CAFD-75F6-45C8-8CE3-E700653E4314}.Debug|Any CPU.Build.0 = Debug|Any CPU
		{D0A9CAFD-75F6-45C8-8CE3-E700653E4314}.Debug|x64.ActiveCfg = Debug|Any CPU
		{D0A9CAFD-75F6-45C8-8CE3-E700653E4314}.Debug|x64.Build.0 = Debug|Any CPU
		{D0A9CAFD-75F6-45C8-8CE3-E700653E4314}.Debug|x86.ActiveCfg = Debug|Any CPU
		{D0A9CAFD-75F6-45C8-8CE3-E700653E4314}.Debug|x86.Build.0 = Debug|Any CPU
		{D0A9CAFD-75F6-45C8-8CE3-E700653E4314}.Release|Any CPU.ActiveCfg = Release|Any CPU
		{D0A9CAFD-75F6-45C8-8CE3-E700653E4314}.Release|Any CPU.Build.0 = Release|Any CPU
		{D0A9CAFD-75F6-45C8-8CE3-E700653E4314}.Release|x64.ActiveCfg = Release|Any CPU
		{D0A9CAFD-75F6-45C8-8CE3-E700653E4314}.Release|x64.Build.0 = Release|Any CPU
		{D0A9CAFD-75F6-45C8-8CE3-E700653E4314}.Release|x86.ActiveCfg = Release|Any CPU
		{D0A9CAFD-75F6-45C8-8CE3-E700653E4314}.Release|x86.Build.0 = Release|Any CPU
		{8E848210-CBB1-4D08-8966-5C2098B91DF7}.Debug|Any CPU.ActiveCfg = Debug|Any CPU
		{8E848210-CBB1-4D08-8966-5C2098B91DF7}.Debug|Any CPU.Build.0 = Debug|Any CPU
		{8E848210-CBB1-4D08-8966-5C2098B91DF7}.Debug|x64.ActiveCfg = Debug|Any CPU
		{8E848210-CBB1-4D08-8966-5C2098B91DF7}.Debug|x64.Build.0 = Debug|Any CPU
		{8E848210-CBB1-4D08-8966-5C2098B91DF7}.Debug|x86.ActiveCfg = Debug|Any CPU
		{8E848210-CBB1-4D08-8966-5C2098B91DF7}.Debug|x86.Build.0 = Debug|Any CPU
		{8E848210-CBB1-4D08-8966-5C2098B91DF7}.Release|Any CPU.ActiveCfg = Release|Any CPU
		{8E848210-CBB1-4D08-8966-5C2098B91DF7}.Release|Any CPU.Build.0 = Release|Any CPU
		{8E848210-CBB1-4D08-8966-5C2098B91DF7}.Release|x64.ActiveCfg = Release|Any CPU
		{8E848210-CBB1-4D08-8966-5C2098B91DF7}.Release|x64.Build.0 = Release|Any CPU
		{8E848210-CBB1-4D08-8966-5C2098B91DF7}.Release|x86.ActiveCfg = Release|Any CPU
		{8E848210-CBB1-4D08-8966-5C2098B91DF7}.Release|x86.Build.0 = Release|Any CPU
	EndGlobalSection
EndGlobal
